github.com/aymanbagabas/go-osc52 v1.2.1/go.mod h1:zT8H+Rk4VSabYN90pWyugflM3ZhpTZNC7cASDfUCdT4=
github.com/aymanbagabas/go-osc52 v1.2.2 h1:NT7wkhEhPTcKnBCdPi9djmyy9L3JOL4+3SsfJyqptCo=
github.com/aymanbagabas/go-osc52 v1.2.2/go.mod h1:zT8H+Rk4VSabYN90pWyugflM3ZhpTZNC7cASDfUCdT4=
github.com/charmbracelet/bubbletea v0.23.2 h1:vuUJ9HJ7b/COy4I30e8xDVQ+VRDUEFykIjryPfgsdps=
github.com/charmbracelet/bubbletea v0.23.2/go.mod h1:FaP3WUivcTM0xOKNmhciz60M6I+weYLF76mr1JyI7sM=
github.com/charmbracelet/lipgloss v0.6.0 h1:1StyZB9vBSOyuZxQUcUwGr17JmojPNm87inij9N3wJY=
github.com/charmbracelet/lipgloss v0.6.0/go.mod h1:tHh2wr34xcHjC2HCXIlGSG1jaDF0S0atAUvBMP6Ppuk=
github.com/chriskim06/drawille-go v0.0.0-20230226230744-16d3a3efdf9a h1:nLF6vCworPSRynY+3OjFmngx4wGaueQkoQ1ICPaneKg=
github.com/chriskim06/drawille-go v0.0.0-20230226230744-16d3a3efdf9a/go.mod h1:crZ9L4tSvNEwUJjxF2z+1RTq5P4CLZdUZeoD1XG7i3Q=
github.com/chriskim06/drawille-go v0.0.0-20230226232238-9e579afc006a h1:aFkzwddyOCxncFqAhgSAzMvyczKbzLxPkonKcPIuieA=
github.com/chriskim06/drawille-go v0.0.0-20230226232238-9e579afc006a/go.mod h1:crZ9L4tSvNEwUJjxF2z+1RTq5P4CLZdUZeoD1XG7i3Q=
github.com/chriskim06/drawille-go v0.0.0-20230226233342-2449ca550bd3 h1:By55U2+4lomENqXLmsl5C+owifR8SGa0t1QlBD0uq5I=
github.com/chriskim06/drawille-go v0.0.0-20230226233342-2449ca550bd3/go.mod h1:crZ9L4tSvNEwUJjxF2z+1RTq5P4CLZdUZeoD1XG7i3Q=
github.com/chriskim06/drawille-go v0.0.0-20230226234029-69070297d80a h1:FXMNMKII1gBqUZEIqwA+O7m0hkz3e0xoDXWVpsrYoaU=
github.com/chriskim06/drawille-go v0.0.0-20230226234029-69070297d80a/go.mod h1:crZ9L4tSvNEwUJjxF2z+1RTq5P4CLZdUZeoD1XG7i3Q=
github.com/chriskim06/drawille-go v0.0.0-20230302160356-cecfed1c98a7 h1:ZEcIp4tRkBpkN8o6qSgY0q5RmlmW2VRdXPLrJM8WShA=
github.com/chriskim06/drawille-go v0.0.0-20230302160356-cecfed1c98a7/go.mod h1:crZ9L4tSvNEwUJjxF2z+1RTq5P4CLZdUZeoD1XG7i3Q=
github.com/chriskim06/drawille-go v0.0.0-20230302161051-514d98e16d18 h1:J7eBp3VWiNBLzJPGph5chQPtjvN36+hLdOgx4IDAGuc=
github.com/chriskim06/drawille-go v0.0.0-20230302161051-514d98e16d18/go.mod h1:crZ9L4tSvNEwUJjxF2z+1RTq5P4CLZdUZeoD1XG7i3Q=
github.com/chriskim06/drawille-go v0.0.0-20230302161434-660678706f30 h1:ZWX/SGtZRiSndpPr38J2jSLXYqJiBCo/1ogV4l0rBII=
github.com/chriskim06/drawille-go v0.0.0-20230302161434-660678706f30/go.mod h1:crZ9L4tSvNEwUJjxF2z+1RTq5P4CLZdUZeoD1XG7i3Q=
github.com/chriskim06/drawille-go v0.0.0-20230302161839-0b3aec93e76f h1:+QpWZjFbWd41hAKUaLvLwpW1HGUV8tKX8yXTTSgGOMg=
github.com/chriskim06/drawille-go v0.0.0-20230302161839-0b3aec93e76f/go.mod h1:crZ9L4tSvNEwUJjxF2z+1RTq5P4CLZdUZeoD1XG7i3Q=
github.com/chriskim06/drawille-go v0.0.0-20230302162341-b325a3ade48b h1:u3k3GSW/9s4yINVOnU91Drvr8Rt34epXzVIcHOCNu7E=
github.com/chriskim06/drawille-go v0.0.0-20230302162341-b325a3ade48b/go.mod h1:crZ9L4tSvNEwUJjxF2z+1RTq5P4CLZdUZeoD1XG7i3Q=
github.com/chriskim06/drawille-go v0.0.0-20230302163048-318c560dbd65 h1:Z65x00FiRFZ+CbBm5lbNRimIg/rsomR+6qGAdL4dkiU=
github.com/chriskim06/drawille-go v0.0.0-20230302163048-318c560dbd65/go.mod h1:crZ9L4tSvNEwUJjxF2z+1RTq5P4CLZdUZeoD1XG7i3Q=
github.com/chriskim06/drawille-go v0.0.0-20230302165514-dbd57b26d000 h1:Nno/mEy0KPPg/FkKSXgIIz0+2bjtlAoiUKfzbvVeAcE=
github.com/chriskim06/drawille-go v0.0.0-20230302165514-dbd57b26d000/go.mod h1:crZ9L4tSvNEwUJjxF2z+1RTq5P4CLZdUZeoD1XG7i3Q=
github.com/chriskim06/drawille-go v0.0.0-20230302175235-0295e5373f58 h1:KxGaXZsxHHP0l1ERfF9il5gGB9kVR19tvzoRFvBPLtU=
github.com/chriskim06/drawille-go v0.0.0-20230302175235-0295e5373f58/go.mod h1:crZ9L4tSvNEwUJjxF2z+1RTq5P4CLZdUZeoD1XG7i3Q=
github.com/chriskim06/drawille-go v0.0.0-20230302181717-a5dd98780f5c h1:Lwu/f8LGTtdwdtn6zO0MT9pRsNwymbhUYRVszT6KFxQ=
github.com/chriskim06/drawille-go v0.0.0-20230302181717-a5dd98780f5c/go.mod h1:crZ9L4tSvNEwUJjxF2z+1RTq5P4CLZdUZeoD1XG7i3Q=
github.com/chriskim06/drawille-go v0.0.0-20230302191429-f00914c4bc7b h1:7fEJyPbQaFeUwTauQhuiwOoHAilsgF2VV0eKPv/rJiw=
github.com/chriskim06/drawille-go v0.0.0-20230302191429-f00914c4bc7b/go.mod h1:crZ9L4tSvNEwUJjxF2z+1RTq5P4CLZdUZeoD1XG7i3Q=
github.com/chriskim06/drawille-go v0.0.0-20230303182535-d8ea23fcf665 h1:HQzS39KCuYAFbeazXg35/bvo+kQAUnNMX7qajoK/DBE=
github.com/chriskim06/drawille-go v0.0.0-20230303182535-d8ea23fcf665/go.mod h1:crZ9L4tSvNEwUJjxF2z+1RTq5P4CLZdUZeoD1XG7i3Q=
github.com/chriskim06/drawille-go v0.0.0-20230303194217-11cca5c68a0a h1:+LlGhe61/u0/vodtp8H+en8qyqfY2kIwey+MU4ICLgY=
github.com/chriskim06/drawille-go v0.0.0-20230303194217-11cca5c68a0a/go.mod h1:crZ9L4tSvNEwUJjxF2z+1RTq5P4CLZdUZeoD1XG7i3Q=
github.com/chriskim06/drawille-go v0.0.0-20230303200459-da27d0f9a939 h1:G6EUThZV/fkl1RkqdJu3128pZhEA8fMrsrJcxcu4HK0=
github.com/chriskim06/drawille-go v0.0.0-20230303200459-da27d0f9a939/go.mod h1:crZ9L4tSvNEwUJjxF2z+1RTq5P4CLZdUZeoD1XG7i3Q=
github.com/chriskim06/drawille-go v0.0.0-20230303203526-13cf312e76ef h1:nwJythiQdyGHZUueKpe45H4EMgvZJKcC0LlUAlh2jZM=
github.com/chriskim06/drawille-go v0.0.0-20230303203526-13cf312e76ef/go.mod h1:crZ9L4tSvNEwUJjxF2z+1RTq5P4CLZdUZeoD1XG7i3Q=
github.com/chriskim06/drawille-go v0.0.0-20230303210829-6f0fe9bd6a94 h1:iUFBm4YH28zNpLiw8ryV2/JwDzwhTh3CyKHv/VI0QOA=
github.com/chriskim06/drawille-go v0.0.0-20230303210829-6f0fe9bd6a94/go.mod h1:crZ9L4tSvNEwUJjxF2z+1RTq5P4CLZdUZeoD1XG7i3Q=
github.com/chriskim06/drawille-go v0.0.0-20230303211018-936ecbb663a2 h1:5Q3lfIw5dGT40jKAhMfzMhsEDjspeBcXdU9TLNHhGzg=
github.com/chriskim06/drawille-go v0.0.0-20230303211018-936ecbb663a2/go.mod h1:crZ9L4tSvNEwUJjxF2z+1RTq5P4CLZdUZeoD1XG7i3Q=
github.com/chriskim06/drawille-go v0.0.0-20230303212653-f374639550d1 h1:YTr3YW6v9cASYYwK+rmPzqjVDdi4LXDkPUnsGUezwg4=
github.com/chriskim06/drawille-go v0.0.0-20230303212653-f374639550d1/go.mod h1:crZ9L4tSvNEwUJjxF2z+1RTq5P4CLZdUZeoD1XG7i3Q=
github.com/chriskim06/drawille-go v0.0.0-20230303220025-fd71b2672633 h1:eICbBcNGoeWU0mHTGOtcUvWhqPSQKqnB8WcDYEdzF4A=
github.com/chriskim06/drawille-go v0.0.0-20230303220025-fd71b2672633/go.mod h1:crZ9L4tSvNEwUJjxF2z+1RTq5P4CLZdUZeoD1XG7i3Q=
github.com/chriskim06/drawille-go v0.0.0-20230304000914-88da1c7cba59 h1:zYMkHjIVmybzHmT1cRLxXJ3ypLkw7+WpXHxeSkxl+zw=
github.com/chriskim06/drawille-go v0.0.0-20230304000914-88da1c7cba59/go.mod h1:crZ9L4tSvNEwUJjxF2z+1RTq5P4CLZdUZeoD1XG7i3Q=
github.com/chriskim06/drawille-go v0.0.0-20230304001648-7eabb8b6f09c h1:timuyOkitkbW8jN+eSg/oNJ8ECAtVJ6N8AMCFYIC1sA=
github.com/chriskim06/drawille-go v0.0.0-20230304001648-7eabb8b6f09c/go.mod h1:crZ9L4tSvNEwUJjxF2z+1RTq5P4CLZdUZeoD1XG7i3Q=
github.com/chriskim06/drawille-go v0.0.0-20230304002132-d72837b391df h1:cHSWwtaLpbz6Th+JVpi96b5l4kfZ0gN57BV6bbWSdyg=
github.com/chriskim06/drawille-go v0.0.0-20230304002132-d72837b391df/go.mod h1:crZ9L4tSvNEwUJjxF2z+1RTq5P4CLZdUZeoD1XG7i3Q=
github.com/chriskim06/drawille-go v0.0.0-20230304003338-b9e97358472a h1:t4YfdyQG6gAJ5Ah5r8nzS7cSRGCSRsz01YqEdk1TnRg=
github.com/chriskim06/drawille-go v0.0.0-20230304003338-b9e97358472a/go.mod h1:crZ9L4tSvNEwUJjxF2z+1RTq5P4CLZdUZeoD1XG7i3Q=
github.com/chriskim06/drawille-go v0.0.0-20230304004048-da3db0eab298 h1:4/lbKXhQmb6vR1Yl2vMiqT3ZDjPCmbNQ/e6dvhRdlgA=
github.com/chriskim06/drawille-go v0.0.0-20230304004048-da3db0eab298/go.mod h1:crZ9L4tSvNEwUJjxF2z+1RTq5P4CLZdUZeoD1XG7i3Q=
github.com/chriskim06/drawille-go v0.0.0-20230304005344-eec1facbfc5a h1:7HelyCnHPFFLbT6SbTSZbPNPka9giL2TC4mJSA6i22U=
github.com/chriskim06/drawille-go v0.0.0-20230304005344-eec1facbfc5a/go.mod h1:crZ9L4tSvNEwUJjxF2z+1RTq5P4CLZdUZeoD1XG7i3Q=
github.com/chriskim06/drawille-go v0.0.0-20230304010020-980ecff09919 h1:Xv/gAGxuX9loYODOM1Bsqw2qWRBN2Ax+M1xsy5Mlhbw=
github.com/chriskim06/drawille-go v0.0.0-20230304010020-980ecff09919/go.mod h1:crZ9L4tSvNEwUJjxF2z+1RTq5P4CLZdUZeoD1XG7i3Q=
github.com/chriskim06/drawille-go v0.0.0-20230306154119-342eea733d63 h1:sj6V6GfDtkUQvPVwytAxQ+U4zLMmnprMjjseLHNycIs=
github.com/chriskim06/drawille-go v0.0.0-20230306154119-342eea733d63/go.mod h1:crZ9L4tSvNEwUJjxF2z+1RTq5P4CLZdUZeoD1XG7i3Q=
github.com/chriskim06/drawille-go v0.0.0-20230306164021-ddcc5112f612 h1:ybC3RIwu1aHgBiLTdsSwJcvhv8vqXm52stYps+FKJnQ=
github.com/chriskim06/drawille-go v0.0.0-20230306164021-ddcc5112f612/go.mod h1:crZ9L4tSvNEwUJjxF2z+1RTq5P4CLZdUZeoD1XG7i3Q=
github.com/chriskim06/drawille-go v0.0.1 h1:tvjp14ni1J6iLpz9fj/iwyf23hKDhu6iLvUQNTaB8YU=
github.com/chriskim06/drawille-go v0.0.1/go.mod h1:crZ9L4tSvNEwUJjxF2z+1RTq5P4CLZdUZeoD1XG7i3Q=
github.com/containerd/console v1.0.3 h1:lIr7SlA5PxZyMV30bDW0MGbiOPXwc63yRuCP0ARubLw=
github.com/containerd/console v1.0.3/go.mod h1:7LqA/THxQ86k76b8c/EMSiaJ3h1eZkMkXar0TQ1gf3U=
github.com/lucasb-eyer/go-colorful v1.2.0 h1:1nnpGOrhyZZuNyfu1QjKiUICQ74+3FNCN69Aj6K7nkY=
github.com/lucasb-eyer/go-colorful v1.2.0/go.mod h1:R4dSotOR9KMtayYi1e77YzuveK+i7ruzyGqttikkLy0=
github.com/mattn/go-isatty v0.0.14/go.mod h1:7GGIvUiUoEMVVmxf/4nioHXj79iQHKdU27kJ6hsGG94=
github.com/mattn/go-isatty v0.0.17 h1:BTarxUcIeDqL27Mc+vyvdWYSL28zpIhv3RoTdsLMPng=
github.com/mattn/go-isatty v0.0.17/go.mod h1:kYGgaQfpe5nmfYZH+SKPsOc2e4SrIfOl2e/yFXSvRLM=
github.com/mattn/go-localereader v0.0.1 h1:ygSAOl7ZXTx4RdPYinUpg6W99U8jWvWi9Ye2JC/oIi4=
github.com/mattn/go-localereader v0.0.1/go.mod h1:8fBrzywKY7BI3czFoHkuzRoWE9C+EiG4R1k4Cjx5p88=
github.com/mattn/go-runewidth v0.0.10/go.mod h1:RAqKPSqVFrSLVXbA8x7dzmKdmGzieGRCM46jaSJTDAk=
github.com/mattn/go-runewidth v0.0.12/go.mod h1:RAqKPSqVFrSLVXbA8x7dzmKdmGzieGRCM46jaSJTDAk=
github.com/mattn/go-runewidth v0.0.13/go.mod h1:Jdepj2loyihRzMpdS35Xk/zdY8IAYHsh153qUoGf23w=
github.com/mattn/go-runewidth v0.0.14 h1:+xnbZSEeDbOIg5/mE6JF0w6n9duR1l3/WmbinWVwUuU=
github.com/mattn/go-runewidth v0.0.14/go.mod h1:Jdepj2loyihRzMpdS35Xk/zdY8IAYHsh153qUoGf23w=
github.com/muesli/ansi v0.0.0-20211018074035-2e021307bc4b/go.mod h1:fQuZ0gauxyBcmsdE3ZT4NasjaRdxmbCS0jRHsrWu3Ho=
github.com/muesli/ansi v0.0.0-20221106050444-61f0cd9a192a h1:jlDOeO5TU0pYlbc/y6PFguab5IjANI0Knrpg3u/ton4=
github.com/muesli/ansi v0.0.0-20221106050444-61f0cd9a192a/go.mod h1:CJlz5H+gyd6CUWT45Oy4q24RdLyn7Md9Vj2/ldJBSIo=
github.com/muesli/cancelreader v0.2.2 h1:3I4Kt4BQjOR54NavqnDogx/MIoWBFa0StPA8ELUXHmA=
github.com/muesli/cancelreader v0.2.2/go.mod h1:3XuTXfFS2VjM+HTLZY9Ak0l6eUKfijIfMUZ4EgX0QYo=
github.com/muesli/reflow v0.2.1-0.20210115123740-9e1d0d53df68/go.mod h1:Xk+z4oIWdQqJzsxyjgl3P22oYZnHdZ8FFTHAQQt5BMQ=
github.com/muesli/reflow v0.3.0 h1:IFsN6K9NfGtjeggFP+68I4chLZV2yIKsXJFNZ+eWh6s=
github.com/muesli/reflow v0.3.0/go.mod h1:pbwTDkVPibjO2kyvBQRBxTWEEGDGq0FlB1BIKtnHY/8=
github.com/muesli/termenv v0.11.1-0.20220204035834-5ac8409525e0/go.mod h1:Bd5NYQ7pd+SrtBSrSNoBBmXlcY8+Xj4BMJgh8qcZrvs=
github.com/muesli/termenv v0.14.0 h1:8x9NFfOe8lmIWK4pgy3IfVEy47f+ppe3tUqdPZG2Uy0=
github.com/muesli/termenv v0.14.0/go.mod h1:kG/pF1E7fh949Xhe156crRUrHNyK221IuGO7Ez60Uc8=
github.com/rivo/uniseg v0.1.0/go.mod h1:J6wj4VEh+S6ZtnVlnTBMWIodfgj8LQOQFoIToxlJtxc=
github.com/rivo/uniseg v0.2.0/go.mod h1:J6wj4VEh+S6ZtnVlnTBMWIodfgj8LQOQFoIToxlJtxc=
github.com/rivo/uniseg v0.4.4 h1:8TfxU8dW6PdqD27gjM8MVNuicgxIjxpm4K7x4jp8sis=
github.com/rivo/uniseg v0.4.4/go.mod h1:FN3SvrM+Zdj16jyLfmOkMNblXMcoc8DfTHruCPUcx88=
golang.org/x/sync v0.1.0 h1:wsuoTGHzEhffawBOhz5CYhcrV4IdKZbEyZjBMuTp12o=
golang.org/x/sync v0.1.0/go.mod h1:RxMgew5VJxzue5/jJTE5uejpjVlOe/izrB70Jof72aM=
golang.org/x/sys v0.0.0-20210124154548-22da62e12c0c/go.mod h1:h1NjWce9XRLGQEsW7wpKNCjG9DtNlClVuFLEZdDNbEs=
golang.org/x/sys v0.0.0-20210615035016-665e8c7367d1/go.mod h1:oPkhp1MJrh7nUepCBck5+mAzfO9JrbApNNgaTdGDITg=
golang.org/x/sys v0.0.0-20210630005230-0f9fa26af87c/go.mod h1:oPkhp1MJrh7nUepCBck5+mAzfO9JrbApNNgaTdGDITg=
golang.org/x/sys v0.0.0-20220204135822-1c1b9b1eba6a/go.mod h1:oPkhp1MJrh7nUepCBck5+mAzfO9JrbApNNgaTdGDITg=
golang.org/x/sys v0.0.0-20220811171246-fbc7d0a398ab/go.mod h1:oPkhp1MJrh7nUepCBck5+mAzfO9JrbApNNgaTdGDITg=
golang.org/x/sys v0.5.0 h1:MUK/U/4lj1t1oPg0HfuXDN/Z1wv31ZJ/YcPiGccS4DU=
golang.org/x/sys v0.5.0/go.mod h1:oPkhp1MJrh7nUepCBck5+mAzfO9JrbApNNgaTdGDITg=
golang.org/x/term v0.0.0-20210927222741-03fcf44c2211/go.mod h1:jbD1KX2456YbFQfuXm/mYQcufACuNUgVhRMnK/tPxf8=
golang.org/x/term v0.5.0 h1:n2a8QNdAb0sZNpU9R1ALUXBbY+w51fCQDN+7EdxNBsY=
golang.org/x/term v0.5.0/go.mod h1:jMB1sMXY+tzblOD4FWmEbocvup2/aLOaQEp7JmGp78k=
golang.org/x/text v0.3.7/go.mod h1:u+2+/6zg+i71rQMx5EYifcz6MCKuco9NR6JIITiCfzQ=
golang.org/x/text v0.7.0 h1:4BRB4x83lYWy72KwLD/qYDuTu7q9PjSagHvijDw7cLo=
golang.org/x/text v0.7.0/go.mod h1:mrYo+phRRbMaCq/xk9113O4dZlRixOauAjOtrjsXDZ8=
golang.org/x/tools v0.0.0-20180917221912-90fa682c2a6e/go.mod h1:n7NCudcB/nEzxVGmLbDWY5pfWTLqBcC2KZ6jyYvM4mQ=
